{
  "originHash" : "00d679cca761a60dd85bbbad46c0850e9edce3acb73050df7fff7559859f4057",
  "pins" : [
    {
      "identity" : "kingfisher",
      "kind" : "remoteSourceControl",
      "location" : "https://github.com/onevcat/Kingfisher.git",
      "state" : {
        "revision" : "b450a3b30e0767277a6eed7e02dbdebd7d173da0",
        "version" : "8.3.0"
      }
    },
    {
      "identity" : "tmdbnetworkmanager",
      "kind" : "remoteSourceControl",
      "location" : "https://github.com/kozakbalint/TmdbNetworkManager",
      "state" : {
        "branch" : "main",
        "revision" : "cff4cdf2c47bb4ab44aa1096675e28280334c236"
      }
    }
  ],
  "version" : 3
}
