{
  "originHash" : "96121a6ea744ca718952730f2d96b3bd75bb6dea63f343e2a8b094c50e66d36a",
  "pins" : [
    {
      "identity" : "kingfisher",
      "kind" : "remoteSourceControl",
      "location" : "https://github.com/onevcat/Kingfisher.git",
      "state" : {
        "revision" : "b450a3b30e0767277a6eed7e02dbdebd7d173da0",
        "version" : "8.3.0"
      }
    },
    {
      "identity" : "tmdbnetworkmanager",
      "kind" : "remoteSourceControl",
      "location" : "https://github.com/kozakbalint/TmdbNetworkManager",
      "state" : {
        "branch" : "main",
        "revision" : "cff4cdf2c47bb4ab44aa1096675e28280334c236"
      }
    }
  ],
  "version" : 3
}
